
Microsoft Visual Studio Solution File, Format Version 12.00
# Visual Studio Version 17
VisualStudioVersion = 17.6.33723.286
MinimumVisualStudioVersion = 10.0.40219.1
Project("{FAE04EC0-301F-11D3-BF4B-00C04F79EFBC}") = "otel.grafana.poc", "otel.grafana.poc.csproj", "{83FB2461-CD7D-4678-9217-627E3335B856}"
EndProject
Global
	GlobalSection(SolutionConfigurationPlatforms) = preSolution
		Debug|Any CPU = Debug|Any CPU
		Release|Any CPU = Release|Any CPU
	EndGlobalSection
	GlobalSection(ProjectConfigurationPlatforms) = postSolution
		{83FB2461-CD7D-4678-9217-627E3335B856}.Debug|Any CPU.ActiveCfg = Debug|Any CPU
		{83FB2461-CD7D-4678-9217-627E3335B856}.Debug|Any CPU.Build.0 = Debug|Any CPU
		{83FB2461-CD7D-4678-9217-627E3335B856}.Release|Any CPU.ActiveCfg = Release|Any CPU
		{83FB2461-CD7D-4678-9217-627E3335B856}.Release|Any CPU.Build.0 = Release|Any CPU
	EndGlobalSection
	GlobalSection(SolutionProperties) = preSolution
		HideSolutionNode = FALSE
	EndGlobalSection
	GlobalSection(ExtensibilityGlobals) = postSolution
		SolutionGuid = {C5B4ADA9-7BBB-45CF-BE7B-980010785E34}
	EndGlobalSection
EndGlobal
